
Microsoft Visual Studio Solution File, Format Version 12.00
# Visual Studio Version 17
VisualStudioVersion = 17.11.35219.272
MinimumVisualStudioVersion = 10.0.40219.1
Project("{FAE04EC0-301F-11D3-BF4B-00C04F79EFBC}") = "Calculator", "Calculator.csproj", "{72C44042-16F9-45F9-A4D5-7EC517EE12FB}"
EndProject
Global
	GlobalSection(SolutionConfigurationPlatforms) = preSolution
		Debug|Any CPU = Debug|Any CPU
		Release|Any CPU = Release|Any CPU
	EndGlobalSection
	GlobalSection(ProjectConfigurationPlatforms) = postSolution
		{72C44042-16F9-45F9-A4D5-7EC517EE12FB}.Debug|Any CPU.ActiveCfg = Debug|Any CPU
		{72C44042-16F9-45F9-A4D5-7EC517EE12FB}.Debug|Any CPU.Build.0 = Debug|Any CPU
		{72C44042-16F9-45F9-A4D5-7EC517EE12FB}.Release|Any CPU.ActiveCfg = Release|Any CPU
		{72C44042-16F9-45F9-A4D5-7EC517EE12FB}.Release|Any CPU.Build.0 = Release|Any CPU
	EndGlobalSection
	GlobalSection(SolutionProperties) = preSolution
		HideSolutionNode = FALSE
	EndGlobalSection
	GlobalSection(ExtensibilityGlobals) = postSolution
		SolutionGuid = {7AE8BAF5-6576-4120-8F97-AD3E3D4A97D0}
	EndGlobalSection
EndGlobal
